{
  "name": "generators",
  "version": "1.0.0",
  "lockfileVersion": 1,
  "requires": true,
  "dependencies": {
    "esm": {
      "version": "3.0.54",
      "resolved": "https://registry.npmjs.org/esm/-/esm-3.0.54.tgz",
      "integrity": "sha512-1exueATAez4MpgWthikXAsNg+l83XwVejP95rb5busmUItrecWybsa+PCBxaCGHTxWqrHDMfLQfNSI3YylBMcw==",
      "dev": true
    }
  }
}
